
Microsoft Visual Studio Solution File, Format Version 12.00
# Visual Studio Version 17
VisualStudioVersion = 17.5.002.0
MinimumVisualStudioVersion = 10.0.40219.1
Project("{9A19103F-16F7-4668-BE54-9A1E7A4F7556}") = "TrilhaApiDesafio", "TrilhaApiDesafio.csproj", "{9734B3EC-FB18-417E-8D7A-E835ACC41F7C}"
EndProject
Global
	GlobalSection(SolutionConfigurationPlatforms) = preSolution
		Debug|Any CPU = Debug|Any CPU
		Release|Any CPU = Release|Any CPU
	EndGlobalSection
	GlobalSection(ProjectConfigurationPlatforms) = postSolution
		{9734B3EC-FB18-417E-8D7A-E835ACC41F7C}.Debug|Any CPU.ActiveCfg = Debug|Any CPU
		{9734B3EC-FB18-417E-8D7A-E835ACC41F7C}.Debug|Any CPU.Build.0 = Debug|Any CPU
		{9734B3EC-FB18-417E-8D7A-E835ACC41F7C}.Release|Any CPU.ActiveCfg = Release|Any CPU
		{9734B3EC-FB18-417E-8D7A-E835ACC41F7C}.Release|Any CPU.Build.0 = Release|Any CPU
	EndGlobalSection
	GlobalSection(SolutionProperties) = preSolution
		HideSolutionNode = FALSE
	EndGlobalSection
	GlobalSection(ExtensibilityGlobals) = postSolution
		SolutionGuid = {1F11EC59-E8F6-46BC-A06D-E77EDC95B9AB}
	EndGlobalSection
EndGlobal
